
Microsoft Visual Studio Solution File, Format Version 12.00
# Visual Studio 2012
Project("{FAE04EC0-301F-11D3-BF4B-00C04F79EFBC}") = "BlogTest", "BlogTest\BlogTest.csproj", "{740D50D0-896A-4942-B421-E34810A07D19}"
EndProject
Project("{FAE04EC0-301F-11D3-BF4B-00C04F79EFBC}") = "DataLayer", "DataLayer\DataLayer.csproj", "{81AD3901-5A4C-4CDC-818F-6AB97F57721D}"
EndProject
Global
	GlobalSection(SolutionConfigurationPlatforms) = preSolution
		Debug|Any CPU = Debug|Any CPU
		Release|Any CPU = Release|Any CPU
	EndGlobalSection
	GlobalSection(ProjectConfigurationPlatforms) = postSolution
		{740D50D0-896A-4942-B421-E34810A07D19}.Debug|Any CPU.ActiveCfg = Debug|Any CPU
		{740D50D0-896A-4942-B421-E34810A07D19}.Debug|Any CPU.Build.0 = Debug|Any CPU
		{740D50D0-896A-4942-B421-E34810A07D19}.Release|Any CPU.ActiveCfg = Release|Any CPU
		{740D50D0-896A-4942-B421-E34810A07D19}.Release|Any CPU.Build.0 = Release|Any CPU
		{81AD3901-5A4C-4CDC-818F-6AB97F57721D}.Debug|Any CPU.ActiveCfg = Debug|Any CPU
		{81AD3901-5A4C-4CDC-818F-6AB97F57721D}.Debug|Any CPU.Build.0 = Debug|Any CPU
		{81AD3901-5A4C-4CDC-818F-6AB97F57721D}.Release|Any CPU.ActiveCfg = Release|Any CPU
		{81AD3901-5A4C-4CDC-818F-6AB97F57721D}.Release|Any CPU.Build.0 = Release|Any CPU
	EndGlobalSection
	GlobalSection(SolutionProperties) = preSolution
		HideSolutionNode = FALSE
	EndGlobalSection
EndGlobal
